
Microsoft Visual Studio Solution File, Format Version 12.00
# Visual Studio 15
VisualStudioVersion = 15.0.28010.2050
MinimumVisualStudioVersion = 10.0.40219.1
Project("{FAE04EC0-301F-11D3-BF4B-00C04F79EFBC}") = "Calc", "Calc\Calc.csproj", "{E1FC4B3F-5663-4D2A-8425-EB828E588455}"
EndProject
Project("{2150E333-8FDC-42A3-9474-1A3956D46DE8}") = "Solution Items", "Solution Items", "{1803B36F-B0F6-4E84-972A-7C5C1AEEA14F}"
	ProjectSection(SolutionItems) = preProject
		..\..\..\..\Desktop\Skola\calc_KCZ_icon.ico = ..\..\..\..\Desktop\Skola\calc_KCZ_icon.ico
	EndProjectSection
EndProject
Global
	GlobalSection(SolutionConfigurationPlatforms) = preSolution
		Debug|Any CPU = Debug|Any CPU
		Release|Any CPU = Release|Any CPU
	EndGlobalSection
	GlobalSection(ProjectConfigurationPlatforms) = postSolution
		{E1FC4B3F-5663-4D2A-8425-EB828E588455}.Debug|Any CPU.ActiveCfg = Debug|Any CPU
		{E1FC4B3F-5663-4D2A-8425-EB828E588455}.Debug|Any CPU.Build.0 = Debug|Any CPU
		{E1FC4B3F-5663-4D2A-8425-EB828E588455}.Release|Any CPU.ActiveCfg = Release|Any CPU
		{E1FC4B3F-5663-4D2A-8425-EB828E588455}.Release|Any CPU.Build.0 = Release|Any CPU
	EndGlobalSection
	GlobalSection(SolutionProperties) = preSolution
		HideSolutionNode = FALSE
	EndGlobalSection
	GlobalSection(ExtensibilityGlobals) = postSolution
		SolutionGuid = {DFD4B1C8-253B-4375-9E69-46A312EFBD8D}
	EndGlobalSection
EndGlobal
